PODS:
  - AFNetworking (3.1.0):
    - AFNetworking/NSURLSession (= 3.1.0)
    - AFNetworking/Reachability (= 3.1.0)
    - AFNetworking/Security (= 3.1.0)
    - AFNetworking/Serialization (= 3.1.0)
    - AFNetworking/UIKit (= 3.1.0)
  - AFNetworking/NSURLSession (3.1.0):
    - AFNetworking/Reachability
    - AFNetworking/Security
    - AFNetworking/Serialization
  - AFNetworking/Reachability (3.1.0)
  - AFNetworking/Security (3.1.0)
  - AFNetworking/Serialization (3.1.0)
  - AFNetworking/UIKit (3.1.0):
    - AFNetworking/NSURLSession
  - Appirater (2.0.5)
  - AudioStreamer (0.1)
  - BGTableViewRowActionWithImage (0.3.6)
  - CHCircleGaugeView (1.1.0)
  - DGActivityIndicatorView (2.1)
  - DXPopover (0.1.1)
  - DZNEmptyDataSet (1.8.1)
  - DZNWebViewController (3.2)
  - FDFullscreenPopGesture (1.1)
  - FEHeaderMenu (0.0.5)
  - FMDB (2.6.2):
    - FMDB/standard (= 2.6.2)
  - FMDB/standard (2.6.2)
  - FTPopOverMenu (1.2.1)
  - GPUImage (0.1.7)
  - Harpy (4.0.6)
  - HCSStarRatingView (1.4.5)
  - HMQRCodeScanner (1.0.5)
  - HYPhotoBrowser (0.1.0):
    - MBProgressHUD
    - SDWebImage
  - iCards (1.1.0)
  - iCarousel (1.8.2)
  - IQKeyboardManager (4.0.6)
  - iRate (1.11.6)
  - KLCPopup (1.0)
  - MarqueeLabel (2.8.0):
    - MarqueeLabel/ObjC (= 2.8.0)
  - MarqueeLabel/ObjC (2.8.0)
  - Masonry (1.0.2)
  - MBProgressHUD (1.0.0)
  - MDRadialProgress (1.3.2)
  - MGSwipeTableCell (1.5.6)
  - MJRefresh (3.1.12)
  - MMDrawerController (0.6.0):
    - MMDrawerController/Core (= 0.6.0)
    - MMDrawerController/MMDrawerBarButtonItem (= 0.6.0)
    - MMDrawerController/MMDrawerVisualStates (= 0.6.0)
    - MMDrawerController/Subclass (= 0.6.0)
  - MMDrawerController/Core (0.6.0)
  - MMDrawerController/MMDrawerBarButtonItem (0.6.0):
    - MMDrawerController/Core
  - MMDrawerController/MMDrawerVisualStates (0.6.0):
    - MMDrawerController/Core
  - MMDrawerController/Subclass (0.6.0):
    - MMDrawerController/Core
  - MSDynamicsDrawerViewController (1.5.1)
  - NHFRadioButton (1.0.1)
  - NinaPagerView (1.4.5)
  - pop (1.0.9)
  - RATreeView (2.1.1)
  - RFRateMe (1.0.0)
  - SCLAlertView-Objective-C (1.0.5)
  - SDCycleScrollView (1.65):
    - SDWebImage (~> 3.7)
  - SDWebImage (3.8.2):
    - SDWebImage/Core (= 3.8.2)
  - SDWebImage/Core (3.8.2)
  - SSZipArchive (1.6.2)
  - SVProgressHUD (2.0.3)
  - SWTableViewCell (0.3.7)
  - SZTextView (1.2.2)
  - TTTAttributedLabel (2.0.0)
  - TYAttributedLabel (2.6.2)
  - TZImagePickerController (1.6.7)
  - UICollectionViewLeftAlignedLayout (1.0.2)
  - UITableView+FDTemplateLayoutCell (1.4)
  - Wonderful (1.2.0)
  - WToolsKit (0.1.1)
  - WZMarqueeView (2.0.0)
  - YYKeyboardManager (1.0.1)

DEPENDENCIES:
  - AFNetworking
  - Appirater
  - AudioStreamer
  - BGTableViewRowActionWithImage
  - CHCircleGaugeView
  - DGActivityIndicatorView
  - DXPopover
  - DZNEmptyDataSet
  - DZNWebViewController
  - FDFullscreenPopGesture
  - FEHeaderMenu
  - FMDB
  - FTPopOverMenu
  - GPUImage
  - Harpy
  - HCSStarRatingView
  - HMQRCodeScanner
  - HYPhotoBrowser
  - iCards
  - iCarousel
  - IQKeyboardManager
  - iRate
  - KLCPopup
  - MarqueeLabel
  - Masonry
  - MBProgressHUD
  - MDRadialProgress
  - MGSwipeTableCell
  - MJRefresh
  - MMDrawerController
  - MSDynamicsDrawerViewController
  - NHFRadioButton
  - NinaPagerView
  - pop
  - RATreeView
  - RFRateMe
  - SCLAlertView-Objective-C
  - SDCycleScrollView
  - SDWebImage
  - SSZipArchive
  - SVProgressHUD
  - SWTableViewCell
  - SZTextView
  - TTTAttributedLabel
  - TYAttributedLabel
  - TZImagePickerController
  - UICollectionViewLeftAlignedLayout
  - UITableView+FDTemplateLayoutCell
  - Wonderful
  - WToolsKit
  - WZMarqueeView
  - YYKeyboardManager

SPEC CHECKSUMS:
  AFNetworking: 5e0e199f73d8626b11e79750991f5d173d1f8b67
  Appirater: e7c0a47fb67ee5041ce8479e6ba960927fb40264
  AudioStreamer: 87961951b2f27cad41d68043c1c42849b740b99f
  BGTableViewRowActionWithImage: 3517276bcee26e559465bcca13151afc33ab6d2a
  CHCircleGaugeView: 103f6f7012fd509d64659440e646870dd373528f
  DGActivityIndicatorView: 1942ae657a8d247c035f229422b2d15a8adbe5b6
  DXPopover: 13e6bbd1a0da4e62b2190de51f43a94850769e0f
  DZNEmptyDataSet: 9525833b9e68ac21c30253e1d3d7076cc828eaa7
  DZNWebViewController: 8e927a5de637fe0c4104c001d5cccd4fa5621e50
  FDFullscreenPopGesture: a8a620179e3d9c40e8e00256dcee1c1a27c6d0f0
  FEHeaderMenu: 0d0a05f226d7cf160defbbdbc4951c50be69fa10
  FMDB: 854a0341b4726e53276f2a8996f06f1b80f9259a
  FTPopOverMenu: 645bf589f3adb6598efa05cab67cced988d5352f
  GPUImage: 733a5f0fab92df9de1c37ba9df520a833ccb406d
  Harpy: 04c313691bfb7ae931eed36e0604e25f8e18b0ff
  HCSStarRatingView: bff3f89314d3b5013ce826ea11897d3129ff6b8c
  HMQRCodeScanner: 4a272146fee48f24f1fa329022d677ea11ddd218
  HYPhotoBrowser: 579e82d1745300cd52d46fc1102e2f9befac9572
  iCards: 9f29cbfc7770572e02d35767632bd01508e8afd2
  iCarousel: 67c8a43da5a46795b56aadfc96cd36a16f6149b2
  IQKeyboardManager: c52debb1967799ae7addb98eab0cf328083a874f
  iRate: 61e558919c4a7fde63b3c22ebbd6c114a1eee658
  KLCPopup: 76c5a19227977f1e53d85236f9ef42257c168d98
  MarqueeLabel: 73b52d7558241ece6391e9c566edb56b269883e2
  Masonry: 7c429b56da9d4ee0bbb3ed77a5ea710d6a5df39e
  MBProgressHUD: 4890f671c94e8a0f3cf959aa731e9de2f036d71a
  MDRadialProgress: 1068574b9b4b870f64b605b07f734385bde5104d
  MGSwipeTableCell: 616700eb0ffd1c611ba909066cb7fd739790a0a7
  MJRefresh: b96cdb21c4aa75a7b07654311ab2f315c497e806
  MMDrawerController: e3a54a5570388463ad3b36975251575b50c4e1a0
  MSDynamicsDrawerViewController: 2874df90f5e9453dc7d4e32f8038b50615d4baa7
  NHFRadioButton: d7d52d16a2c7415d7dfd7af62994c8669790ab98
  NinaPagerView: c4247f97ced5ab27d77def010920b05042790b53
  pop: f667631a5108a2e60d9e8797c9b32ddaf2080bce
  RATreeView: f40c8fdc7c99eb0aecced77ad20b0c52f4e9a9c4
  RFRateMe: 07fbc459799535254db3bd221e930817e8c8ffff
  SCLAlertView-Objective-C: a2b8b09b8ce5fe14c233ecaa09c02be582c6389a
  SDCycleScrollView: f72904c77698a7f93a41bcbbc2d78b073bf7326c
  SDWebImage: 098e97e6176540799c27e804c96653ee0833d13c
  SSZipArchive: 428eb1ac8d37dd133404d30f422b23958c1f9acc
  SVProgressHUD: b0830714205bea1317ea1a2ebc71e5633af334d4
  SWTableViewCell: 2a94aadc9d47b2b611fa064566bf57948b95b579
  SZTextView: 3a81174dce0710a9ab069bc73a813e6df53b9c82
  TTTAttributedLabel: 8cffe8e127e4e82ff3af1e5386d4cd0ad000b656
  TYAttributedLabel: 1c1f1e7604043ba584e005d4fd3aee8a1a7a2020
  TZImagePickerController: d3b16a1ab3393b251a23fbb22ac2d6bc83a50d5f
  UICollectionViewLeftAlignedLayout: 830bf6fa5bab9f9b464f62e3384f9d2e00b3c0f6
  UITableView+FDTemplateLayoutCell: 234e1582bcc4e18461af91155123bb96538ed030
  Wonderful: 8f8737eb8d2c32264110e91659095cb5c8bff223
  WToolsKit: 5240e9727a5df585552bc7d92ff0d8e81a5df5d2
  WZMarqueeView: aa0adf6446d0787af9a3d26e4f082e319e11a4c2
  YYKeyboardManager: ff53d2e80d1808567a7f004028bd200d9469a89f

PODFILE CHECKSUM: 41249d0e564853c2b5933e109f6d75ff35c072a3

COCOAPODS: 1.0.0
